
Microsoft Visual Studio Solution File, Format Version 12.00
# Visual Studio Version 16
VisualStudioVersion = 16.0.31129.286
MinimumVisualStudioVersion = 10.0.40219.1
Project("{FAE04EC0-301F-11D3-BF4B-00C04F79EFBC}") = "Active", "Active.csproj", "{EF216117-CE55-4E6E-A12D-9D079A42DD8C}"
EndProject
Project("{FAE04EC0-301F-11D3-BF4B-00C04F79EFBC}") = "ImplicitExplicitConversions", "..\ImplicitExplicitConversions\ImplicitExplicitConversions.csproj", "{823CBE69-8114-4A7D-AE97-95DFF0E5FF0F}"
EndProject
Project("{FAE04EC0-301F-11D3-BF4B-00C04F79EFBC}") = "ParseStringToInteger", "..\ParseStringToInteger\ParseStringToInteger.csproj", "{6B47279F-C8C8-44A9-9E11-C0F482E8ACC1}"
EndProject
Global
	GlobalSection(SolutionConfigurationPlatforms) = preSolution
		Debug|Any CPU = Debug|Any CPU
		Release|Any CPU = Release|Any CPU
	EndGlobalSection
	GlobalSection(ProjectConfigurationPlatforms) = postSolution
		{EF216117-CE55-4E6E-A12D-9D079A42DD8C}.Debug|Any CPU.ActiveCfg = Debug|Any CPU
		{EF216117-CE55-4E6E-A12D-9D079A42DD8C}.Debug|Any CPU.Build.0 = Debug|Any CPU
		{EF216117-CE55-4E6E-A12D-9D079A42DD8C}.Release|Any CPU.ActiveCfg = Release|Any CPU
		{EF216117-CE55-4E6E-A12D-9D079A42DD8C}.Release|Any CPU.Build.0 = Release|Any CPU
		{823CBE69-8114-4A7D-AE97-95DFF0E5FF0F}.Debug|Any CPU.ActiveCfg = Debug|Any CPU
		{823CBE69-8114-4A7D-AE97-95DFF0E5FF0F}.Debug|Any CPU.Build.0 = Debug|Any CPU
		{823CBE69-8114-4A7D-AE97-95DFF0E5FF0F}.Release|Any CPU.ActiveCfg = Release|Any CPU
		{823CBE69-8114-4A7D-AE97-95DFF0E5FF0F}.Release|Any CPU.Build.0 = Release|Any CPU
		{6B47279F-C8C8-44A9-9E11-C0F482E8ACC1}.Debug|Any CPU.ActiveCfg = Debug|Any CPU
		{6B47279F-C8C8-44A9-9E11-C0F482E8ACC1}.Debug|Any CPU.Build.0 = Debug|Any CPU
		{6B47279F-C8C8-44A9-9E11-C0F482E8ACC1}.Release|Any CPU.ActiveCfg = Release|Any CPU
		{6B47279F-C8C8-44A9-9E11-C0F482E8ACC1}.Release|Any CPU.Build.0 = Release|Any CPU
	EndGlobalSection
	GlobalSection(SolutionProperties) = preSolution
		HideSolutionNode = FALSE
	EndGlobalSection
	GlobalSection(ExtensibilityGlobals) = postSolution
		SolutionGuid = {35024F19-91EE-4F6F-8149-DC3A0D992247}
	EndGlobalSection
EndGlobal
